
Microsoft Visual Studio Solution File, Format Version 12.00
# Visual Studio Version 17
VisualStudioVersion = 17.10.35122.118
MinimumVisualStudioVersion = 10.0.40219.1
Project("{9A19103F-16F7-4668-BE54-9A1E7A4F7556}") = "lecture1.1", "lecture1.1.csproj", "{A070B9A6-9588-4141-9FE6-5F2125F7D8F8}"
EndProject
Project("{9A19103F-16F7-4668-BE54-9A1E7A4F7556}") = "Seminar1.1", "..\Seminar1.1\Seminar1.1.csproj", "{BFA91CDA-5945-4872-B895-A9DB07FBF8B2}"
EndProject
Project("{FAE04EC0-301F-11D3-BF4B-00C04F79EFBC}") = "dz1.1", "..\dz1.1\dz1.1.csproj", "{94C721EC-65CD-44C7-BD0B-4765B76C1FE5}"
EndProject
Global
	GlobalSection(SolutionConfigurationPlatforms) = preSolution
		Debug|Any CPU = Debug|Any CPU
		Release|Any CPU = Release|Any CPU
	EndGlobalSection
	GlobalSection(ProjectConfigurationPlatforms) = postSolution
		{A070B9A6-9588-4141-9FE6-5F2125F7D8F8}.Debug|Any CPU.ActiveCfg = Debug|Any CPU
		{A070B9A6-9588-4141-9FE6-5F2125F7D8F8}.Debug|Any CPU.Build.0 = Debug|Any CPU
		{A070B9A6-9588-4141-9FE6-5F2125F7D8F8}.Release|Any CPU.ActiveCfg = Release|Any CPU
		{A070B9A6-9588-4141-9FE6-5F2125F7D8F8}.Release|Any CPU.Build.0 = Release|Any CPU
		{BFA91CDA-5945-4872-B895-A9DB07FBF8B2}.Debug|Any CPU.ActiveCfg = Debug|Any CPU
		{BFA91CDA-5945-4872-B895-A9DB07FBF8B2}.Debug|Any CPU.Build.0 = Debug|Any CPU
		{BFA91CDA-5945-4872-B895-A9DB07FBF8B2}.Release|Any CPU.ActiveCfg = Release|Any CPU
		{BFA91CDA-5945-4872-B895-A9DB07FBF8B2}.Release|Any CPU.Build.0 = Release|Any CPU
		{94C721EC-65CD-44C7-BD0B-4765B76C1FE5}.Debug|Any CPU.ActiveCfg = Debug|Any CPU
		{94C721EC-65CD-44C7-BD0B-4765B76C1FE5}.Debug|Any CPU.Build.0 = Debug|Any CPU
		{94C721EC-65CD-44C7-BD0B-4765B76C1FE5}.Release|Any CPU.ActiveCfg = Release|Any CPU
		{94C721EC-65CD-44C7-BD0B-4765B76C1FE5}.Release|Any CPU.Build.0 = Release|Any CPU
	EndGlobalSection
	GlobalSection(SolutionProperties) = preSolution
		HideSolutionNode = FALSE
	EndGlobalSection
	GlobalSection(ExtensibilityGlobals) = postSolution
		SolutionGuid = {A48A0649-A10D-4A01-AF04-7ABA62AE9349}
	EndGlobalSection
EndGlobal
