
Microsoft Visual Studio Solution File, Format Version 12.00
# Visual Studio Version 17
VisualStudioVersion = 17.10.35122.118
MinimumVisualStudioVersion = 10.0.40219.1
Project("{9A19103F-16F7-4668-BE54-9A1E7A4F7556}") = "lecture1.1", "lecture1.1.csproj", "{A070B9A6-9588-4141-9FE6-5F2125F7D8F8}"
EndProject
Project("{9A19103F-16F7-4668-BE54-9A1E7A4F7556}") = "seminar1.1", "..\Seminar1.1\seminar1.1.csproj", "{BFA91CDA-5945-4872-B895-A9DB07FBF8B2}"
EndProject
Project("{9A19103F-16F7-4668-BE54-9A1E7A4F7556}") = "dz1.1", "..\dz1.1\dz1.1.csproj", "{94C721EC-65CD-44C7-BD0B-4765B76C1FE5}"
EndProject
Project("{9A19103F-16F7-4668-BE54-9A1E7A4F7556}") = "lecture2.1", "..\lecture2.1\lecture2.1.csproj", "{C5A9CEC5-03A0-4B3D-BEA2-9D83EB3C90AD}"
EndProject
Project("{9A19103F-16F7-4668-BE54-9A1E7A4F7556}") = "lecture2.2_Enum", "..\lecture2.2_Enum\lecture2.2_Enum.csproj", "{D71D4EB6-E9AC-4480-A682-A79015A14E4D}"
EndProject
Project("{9A19103F-16F7-4668-BE54-9A1E7A4F7556}") = "lecture2.3_Struct", "..\lecture2.3_Struct\lecture2.3_Struct.csproj", "{E18DD766-DE6A-4810-AD8D-F94B6C6BCC67}"
EndProject
Project("{9A19103F-16F7-4668-BE54-9A1E7A4F7556}") = "lecture2.4_Tuple", "..\lecture2.4_Tuple\lecture2.4_Tuple.csproj", "{1D065867-FF84-4893-B202-7EE38F2D682C}"
EndProject
Project("{9A19103F-16F7-4668-BE54-9A1E7A4F7556}") = "test1.1", "..\test1.1\test1.1.csproj", "{1C8DF2B2-7F99-4500-9FC9-4603E8602921}"
EndProject
Project("{9A19103F-16F7-4668-BE54-9A1E7A4F7556}") = "lecture2.5_Object", "..\lecture2.5_Object\lecture2.5_Object.csproj", "{DA3CDF3A-C342-4EBE-980D-244D7664E274}"
EndProject
Project("{9A19103F-16F7-4668-BE54-9A1E7A4F7556}") = "lecture2.6_String", "..\lecture2.6_String\lecture2.6_String.csproj", "{FC81DAEA-E5C3-4563-B569-E5C00B03BD80}"
EndProject
Project("{9A19103F-16F7-4668-BE54-9A1E7A4F7556}") = "dz2.1", "..\dz2.1\dz2.1.csproj", "{6BAA9216-40C0-4C7B-9EE8-52AEDDEAB329}"
EndProject
Project("{9A19103F-16F7-4668-BE54-9A1E7A4F7556}") = "lecture3.1", "..\lecture3.1\lecture3.1.csproj", "{DE274BC5-9F85-4377-866B-B6AFE26602AA}"
EndProject
Project("{9A19103F-16F7-4668-BE54-9A1E7A4F7556}") = "seminar3.1", "..\seminar3.1\seminar3.1.csproj", "{3A3D5A72-2F7A-4BDC-825B-52A0A935A95F}"
EndProject
Project("{9A19103F-16F7-4668-BE54-9A1E7A4F7556}") = "lecture4.1", "..\lecture4.1\lecture4.1.csproj", "{494C0481-F11A-47DB-A40A-3381AB820071}"
EndProject
Project("{9A19103F-16F7-4668-BE54-9A1E7A4F7556}") = "seminar4.1", "..\seminar4.1\seminar4.1.csproj", "{CD2D5998-405A-46CF-A973-64C615E74C7E}"
EndProject
Project("{9A19103F-16F7-4668-BE54-9A1E7A4F7556}") = "lecture5.1", "..\lecture5.1\lecture5.1.csproj", "{6A77A8CB-FF23-4271-BA12-0463D4D3672F}"
EndProject
Project("{9A19103F-16F7-4668-BE54-9A1E7A4F7556}") = "seminar5.1", "..\seminar5.1\seminar5.1.csproj", "{6FFE4CCE-BB24-4759-811E-AA187D87BBF9}"
EndProject
Project("{9A19103F-16F7-4668-BE54-9A1E7A4F7556}") = "seminar5.2", "..\seminar5.2\seminar5.2.csproj", "{21ADCC97-0D75-4672-9DA5-4A2241DD1170}"
EndProject
Project("{9A19103F-16F7-4668-BE54-9A1E7A4F7556}") = "seminar5.3", "..\seminar5.3\seminar5.3.csproj", "{1428C8A4-4D2D-463D-B683-4D47846B3571}"
EndProject
Project("{9A19103F-16F7-4668-BE54-9A1E7A4F7556}") = "dz5.1", "..\dz5.1\dz5.1.csproj", "{ED29B7E3-AD20-4FBF-A3F5-09946FF56A6D}"
EndProject
Project("{9A19103F-16F7-4668-BE54-9A1E7A4F7556}") = "lecture6.1", "..\lecture6.1\lecture6.1.csproj", "{9C646A2E-4EB1-434D-82BD-B3E001F8E614}"
EndProject
Project("{9A19103F-16F7-4668-BE54-9A1E7A4F7556}") = "seminar6.1", "..\seminar6.1\seminar6.1.csproj", "{6F356B2F-5E5E-463D-AD3C-56C23422B472}"
EndProject
Project("{9A19103F-16F7-4668-BE54-9A1E7A4F7556}") = "seminar6.2", "..\lecture6.2\seminar6.2.csproj", "{79959169-E5BB-4C25-BA6E-FBE77FAD857A}"
EndProject
Project("{9A19103F-16F7-4668-BE54-9A1E7A4F7556}") = "seminar6.3", "..\seminar6.3\seminar6.3.csproj", "{51E4A69C-9BF7-44C7-A2BD-E592E7EA4C8B}"
EndProject
Project("{9A19103F-16F7-4668-BE54-9A1E7A4F7556}") = "seminar6.4", "..\seminar6.4\seminar6.4.csproj", "{49B9F959-ACFD-42E0-B558-C84CBCA29363}"
EndProject
Project("{9A19103F-16F7-4668-BE54-9A1E7A4F7556}") = "dz6.1", "..\dz6.1\dz6.1.csproj", "{AF2BC455-103E-4001-AC1F-48F3EE557581}"
EndProject
Project("{9A19103F-16F7-4668-BE54-9A1E7A4F7556}") = "lecture7.1", "..\lecture7.1\lecture7.1.csproj", "{8F8217E8-CA91-42BC-8472-1C0C1D56E49B}"
EndProject
Project("{9A19103F-16F7-4668-BE54-9A1E7A4F7556}") = "seminar7.1", "..\seminar7.1\seminar7.1.csproj", "{D4C79100-5DC0-4960-93D8-0BAFA2E806C6}"
EndProject
Project("{9A19103F-16F7-4668-BE54-9A1E7A4F7556}") = "seminar7.2", "..\seminar7.2\seminar7.2.csproj", "{282026E0-EA6E-40FE-8334-A20D6B419498}"
EndProject
Project("{FAE04EC0-301F-11D3-BF4B-00C04F79EFBC}") = "dz7.1", "..\dz7.1\dz7.1.csproj", "{1A3B0F61-F969-4054-B451-F4C09AE7D909}"
EndProject
Project("{FAE04EC0-301F-11D3-BF4B-00C04F79EFBC}") = "lecture8.1", "..\lecture8.1\lecture8.1.csproj", "{497D5EC8-D649-4F55-9F44-50B39B452810}"
EndProject
Global
	GlobalSection(SolutionConfigurationPlatforms) = preSolution
		Debug|Any CPU = Debug|Any CPU
		Release|Any CPU = Release|Any CPU
	EndGlobalSection
	GlobalSection(ProjectConfigurationPlatforms) = postSolution
		{A070B9A6-9588-4141-9FE6-5F2125F7D8F8}.Debug|Any CPU.ActiveCfg = Debug|Any CPU
		{A070B9A6-9588-4141-9FE6-5F2125F7D8F8}.Debug|Any CPU.Build.0 = Debug|Any CPU
		{A070B9A6-9588-4141-9FE6-5F2125F7D8F8}.Release|Any CPU.ActiveCfg = Release|Any CPU
		{A070B9A6-9588-4141-9FE6-5F2125F7D8F8}.Release|Any CPU.Build.0 = Release|Any CPU
		{BFA91CDA-5945-4872-B895-A9DB07FBF8B2}.Debug|Any CPU.ActiveCfg = Debug|Any CPU
		{BFA91CDA-5945-4872-B895-A9DB07FBF8B2}.Debug|Any CPU.Build.0 = Debug|Any CPU
		{BFA91CDA-5945-4872-B895-A9DB07FBF8B2}.Release|Any CPU.ActiveCfg = Release|Any CPU
		{BFA91CDA-5945-4872-B895-A9DB07FBF8B2}.Release|Any CPU.Build.0 = Release|Any CPU
		{94C721EC-65CD-44C7-BD0B-4765B76C1FE5}.Debug|Any CPU.ActiveCfg = Debug|Any CPU
		{94C721EC-65CD-44C7-BD0B-4765B76C1FE5}.Debug|Any CPU.Build.0 = Debug|Any CPU
		{94C721EC-65CD-44C7-BD0B-4765B76C1FE5}.Release|Any CPU.ActiveCfg = Release|Any CPU
		{94C721EC-65CD-44C7-BD0B-4765B76C1FE5}.Release|Any CPU.Build.0 = Release|Any CPU
		{C5A9CEC5-03A0-4B3D-BEA2-9D83EB3C90AD}.Debug|Any CPU.ActiveCfg = Debug|Any CPU
		{C5A9CEC5-03A0-4B3D-BEA2-9D83EB3C90AD}.Debug|Any CPU.Build.0 = Debug|Any CPU
		{C5A9CEC5-03A0-4B3D-BEA2-9D83EB3C90AD}.Release|Any CPU.ActiveCfg = Release|Any CPU
		{C5A9CEC5-03A0-4B3D-BEA2-9D83EB3C90AD}.Release|Any CPU.Build.0 = Release|Any CPU
		{D71D4EB6-E9AC-4480-A682-A79015A14E4D}.Debug|Any CPU.ActiveCfg = Debug|Any CPU
		{D71D4EB6-E9AC-4480-A682-A79015A14E4D}.Debug|Any CPU.Build.0 = Debug|Any CPU
		{D71D4EB6-E9AC-4480-A682-A79015A14E4D}.Release|Any CPU.ActiveCfg = Release|Any CPU
		{D71D4EB6-E9AC-4480-A682-A79015A14E4D}.Release|Any CPU.Build.0 = Release|Any CPU
		{E18DD766-DE6A-4810-AD8D-F94B6C6BCC67}.Debug|Any CPU.ActiveCfg = Debug|Any CPU
		{E18DD766-DE6A-4810-AD8D-F94B6C6BCC67}.Debug|Any CPU.Build.0 = Debug|Any CPU
		{E18DD766-DE6A-4810-AD8D-F94B6C6BCC67}.Release|Any CPU.ActiveCfg = Release|Any CPU
		{E18DD766-DE6A-4810-AD8D-F94B6C6BCC67}.Release|Any CPU.Build.0 = Release|Any CPU
		{1D065867-FF84-4893-B202-7EE38F2D682C}.Debug|Any CPU.ActiveCfg = Debug|Any CPU
		{1D065867-FF84-4893-B202-7EE38F2D682C}.Debug|Any CPU.Build.0 = Debug|Any CPU
		{1D065867-FF84-4893-B202-7EE38F2D682C}.Release|Any CPU.ActiveCfg = Release|Any CPU
		{1D065867-FF84-4893-B202-7EE38F2D682C}.Release|Any CPU.Build.0 = Release|Any CPU
		{1C8DF2B2-7F99-4500-9FC9-4603E8602921}.Debug|Any CPU.ActiveCfg = Debug|Any CPU
		{1C8DF2B2-7F99-4500-9FC9-4603E8602921}.Debug|Any CPU.Build.0 = Debug|Any CPU
		{1C8DF2B2-7F99-4500-9FC9-4603E8602921}.Release|Any CPU.ActiveCfg = Release|Any CPU
		{1C8DF2B2-7F99-4500-9FC9-4603E8602921}.Release|Any CPU.Build.0 = Release|Any CPU
		{DA3CDF3A-C342-4EBE-980D-244D7664E274}.Debug|Any CPU.ActiveCfg = Debug|Any CPU
		{DA3CDF3A-C342-4EBE-980D-244D7664E274}.Debug|Any CPU.Build.0 = Debug|Any CPU
		{DA3CDF3A-C342-4EBE-980D-244D7664E274}.Release|Any CPU.ActiveCfg = Release|Any CPU
		{DA3CDF3A-C342-4EBE-980D-244D7664E274}.Release|Any CPU.Build.0 = Release|Any CPU
		{FC81DAEA-E5C3-4563-B569-E5C00B03BD80}.Debug|Any CPU.ActiveCfg = Debug|Any CPU
		{FC81DAEA-E5C3-4563-B569-E5C00B03BD80}.Debug|Any CPU.Build.0 = Debug|Any CPU
		{FC81DAEA-E5C3-4563-B569-E5C00B03BD80}.Release|Any CPU.ActiveCfg = Release|Any CPU
		{FC81DAEA-E5C3-4563-B569-E5C00B03BD80}.Release|Any CPU.Build.0 = Release|Any CPU
		{6BAA9216-40C0-4C7B-9EE8-52AEDDEAB329}.Debug|Any CPU.ActiveCfg = Debug|Any CPU
		{6BAA9216-40C0-4C7B-9EE8-52AEDDEAB329}.Debug|Any CPU.Build.0 = Debug|Any CPU
		{6BAA9216-40C0-4C7B-9EE8-52AEDDEAB329}.Release|Any CPU.ActiveCfg = Release|Any CPU
		{6BAA9216-40C0-4C7B-9EE8-52AEDDEAB329}.Release|Any CPU.Build.0 = Release|Any CPU
		{DE274BC5-9F85-4377-866B-B6AFE26602AA}.Debug|Any CPU.ActiveCfg = Debug|Any CPU
		{DE274BC5-9F85-4377-866B-B6AFE26602AA}.Debug|Any CPU.Build.0 = Debug|Any CPU
		{DE274BC5-9F85-4377-866B-B6AFE26602AA}.Release|Any CPU.ActiveCfg = Release|Any CPU
		{DE274BC5-9F85-4377-866B-B6AFE26602AA}.Release|Any CPU.Build.0 = Release|Any CPU
		{3A3D5A72-2F7A-4BDC-825B-52A0A935A95F}.Debug|Any CPU.ActiveCfg = Debug|Any CPU
		{3A3D5A72-2F7A-4BDC-825B-52A0A935A95F}.Debug|Any CPU.Build.0 = Debug|Any CPU
		{3A3D5A72-2F7A-4BDC-825B-52A0A935A95F}.Release|Any CPU.ActiveCfg = Release|Any CPU
		{3A3D5A72-2F7A-4BDC-825B-52A0A935A95F}.Release|Any CPU.Build.0 = Release|Any CPU
		{494C0481-F11A-47DB-A40A-3381AB820071}.Debug|Any CPU.ActiveCfg = Debug|Any CPU
		{494C0481-F11A-47DB-A40A-3381AB820071}.Debug|Any CPU.Build.0 = Debug|Any CPU
		{494C0481-F11A-47DB-A40A-3381AB820071}.Release|Any CPU.ActiveCfg = Release|Any CPU
		{494C0481-F11A-47DB-A40A-3381AB820071}.Release|Any CPU.Build.0 = Release|Any CPU
		{CD2D5998-405A-46CF-A973-64C615E74C7E}.Debug|Any CPU.ActiveCfg = Debug|Any CPU
		{CD2D5998-405A-46CF-A973-64C615E74C7E}.Debug|Any CPU.Build.0 = Debug|Any CPU
		{CD2D5998-405A-46CF-A973-64C615E74C7E}.Release|Any CPU.ActiveCfg = Release|Any CPU
		{CD2D5998-405A-46CF-A973-64C615E74C7E}.Release|Any CPU.Build.0 = Release|Any CPU
		{6A77A8CB-FF23-4271-BA12-0463D4D3672F}.Debug|Any CPU.ActiveCfg = Debug|Any CPU
		{6A77A8CB-FF23-4271-BA12-0463D4D3672F}.Debug|Any CPU.Build.0 = Debug|Any CPU
		{6A77A8CB-FF23-4271-BA12-0463D4D3672F}.Release|Any CPU.ActiveCfg = Release|Any CPU
		{6A77A8CB-FF23-4271-BA12-0463D4D3672F}.Release|Any CPU.Build.0 = Release|Any CPU
		{6FFE4CCE-BB24-4759-811E-AA187D87BBF9}.Debug|Any CPU.ActiveCfg = Debug|Any CPU
		{6FFE4CCE-BB24-4759-811E-AA187D87BBF9}.Debug|Any CPU.Build.0 = Debug|Any CPU
		{6FFE4CCE-BB24-4759-811E-AA187D87BBF9}.Release|Any CPU.ActiveCfg = Release|Any CPU
		{6FFE4CCE-BB24-4759-811E-AA187D87BBF9}.Release|Any CPU.Build.0 = Release|Any CPU
		{21ADCC97-0D75-4672-9DA5-4A2241DD1170}.Debug|Any CPU.ActiveCfg = Debug|Any CPU
		{21ADCC97-0D75-4672-9DA5-4A2241DD1170}.Debug|Any CPU.Build.0 = Debug|Any CPU
		{21ADCC97-0D75-4672-9DA5-4A2241DD1170}.Release|Any CPU.ActiveCfg = Release|Any CPU
		{21ADCC97-0D75-4672-9DA5-4A2241DD1170}.Release|Any CPU.Build.0 = Release|Any CPU
		{1428C8A4-4D2D-463D-B683-4D47846B3571}.Debug|Any CPU.ActiveCfg = Debug|Any CPU
		{1428C8A4-4D2D-463D-B683-4D47846B3571}.Debug|Any CPU.Build.0 = Debug|Any CPU
		{1428C8A4-4D2D-463D-B683-4D47846B3571}.Release|Any CPU.ActiveCfg = Release|Any CPU
		{1428C8A4-4D2D-463D-B683-4D47846B3571}.Release|Any CPU.Build.0 = Release|Any CPU
		{ED29B7E3-AD20-4FBF-A3F5-09946FF56A6D}.Debug|Any CPU.ActiveCfg = Debug|Any CPU
		{ED29B7E3-AD20-4FBF-A3F5-09946FF56A6D}.Debug|Any CPU.Build.0 = Debug|Any CPU
		{ED29B7E3-AD20-4FBF-A3F5-09946FF56A6D}.Release|Any CPU.ActiveCfg = Release|Any CPU
		{ED29B7E3-AD20-4FBF-A3F5-09946FF56A6D}.Release|Any CPU.Build.0 = Release|Any CPU
		{9C646A2E-4EB1-434D-82BD-B3E001F8E614}.Debug|Any CPU.ActiveCfg = Debug|Any CPU
		{9C646A2E-4EB1-434D-82BD-B3E001F8E614}.Debug|Any CPU.Build.0 = Debug|Any CPU
		{9C646A2E-4EB1-434D-82BD-B3E001F8E614}.Release|Any CPU.ActiveCfg = Release|Any CPU
		{9C646A2E-4EB1-434D-82BD-B3E001F8E614}.Release|Any CPU.Build.0 = Release|Any CPU
		{6F356B2F-5E5E-463D-AD3C-56C23422B472}.Debug|Any CPU.ActiveCfg = Debug|Any CPU
		{6F356B2F-5E5E-463D-AD3C-56C23422B472}.Debug|Any CPU.Build.0 = Debug|Any CPU
		{6F356B2F-5E5E-463D-AD3C-56C23422B472}.Release|Any CPU.ActiveCfg = Release|Any CPU
		{6F356B2F-5E5E-463D-AD3C-56C23422B472}.Release|Any CPU.Build.0 = Release|Any CPU
		{79959169-E5BB-4C25-BA6E-FBE77FAD857A}.Debug|Any CPU.ActiveCfg = Debug|Any CPU
		{79959169-E5BB-4C25-BA6E-FBE77FAD857A}.Debug|Any CPU.Build.0 = Debug|Any CPU
		{79959169-E5BB-4C25-BA6E-FBE77FAD857A}.Release|Any CPU.ActiveCfg = Release|Any CPU
		{79959169-E5BB-4C25-BA6E-FBE77FAD857A}.Release|Any CPU.Build.0 = Release|Any CPU
		{51E4A69C-9BF7-44C7-A2BD-E592E7EA4C8B}.Debug|Any CPU.ActiveCfg = Debug|Any CPU
		{51E4A69C-9BF7-44C7-A2BD-E592E7EA4C8B}.Debug|Any CPU.Build.0 = Debug|Any CPU
		{51E4A69C-9BF7-44C7-A2BD-E592E7EA4C8B}.Release|Any CPU.ActiveCfg = Release|Any CPU
		{51E4A69C-9BF7-44C7-A2BD-E592E7EA4C8B}.Release|Any CPU.Build.0 = Release|Any CPU
		{49B9F959-ACFD-42E0-B558-C84CBCA29363}.Debug|Any CPU.ActiveCfg = Debug|Any CPU
		{49B9F959-ACFD-42E0-B558-C84CBCA29363}.Debug|Any CPU.Build.0 = Debug|Any CPU
		{49B9F959-ACFD-42E0-B558-C84CBCA29363}.Release|Any CPU.ActiveCfg = Release|Any CPU
		{49B9F959-ACFD-42E0-B558-C84CBCA29363}.Release|Any CPU.Build.0 = Release|Any CPU
		{AF2BC455-103E-4001-AC1F-48F3EE557581}.Debug|Any CPU.ActiveCfg = Debug|Any CPU
		{AF2BC455-103E-4001-AC1F-48F3EE557581}.Debug|Any CPU.Build.0 = Debug|Any CPU
		{AF2BC455-103E-4001-AC1F-48F3EE557581}.Release|Any CPU.ActiveCfg = Release|Any CPU
		{AF2BC455-103E-4001-AC1F-48F3EE557581}.Release|Any CPU.Build.0 = Release|Any CPU
		{8F8217E8-CA91-42BC-8472-1C0C1D56E49B}.Debug|Any CPU.ActiveCfg = Debug|Any CPU
		{8F8217E8-CA91-42BC-8472-1C0C1D56E49B}.Debug|Any CPU.Build.0 = Debug|Any CPU
		{8F8217E8-CA91-42BC-8472-1C0C1D56E49B}.Release|Any CPU.ActiveCfg = Release|Any CPU
		{8F8217E8-CA91-42BC-8472-1C0C1D56E49B}.Release|Any CPU.Build.0 = Release|Any CPU
		{D4C79100-5DC0-4960-93D8-0BAFA2E806C6}.Debug|Any CPU.ActiveCfg = Debug|Any CPU
		{D4C79100-5DC0-4960-93D8-0BAFA2E806C6}.Debug|Any CPU.Build.0 = Debug|Any CPU
		{D4C79100-5DC0-4960-93D8-0BAFA2E806C6}.Release|Any CPU.ActiveCfg = Release|Any CPU
		{D4C79100-5DC0-4960-93D8-0BAFA2E806C6}.Release|Any CPU.Build.0 = Release|Any CPU
		{282026E0-EA6E-40FE-8334-A20D6B419498}.Debug|Any CPU.ActiveCfg = Debug|Any CPU
		{282026E0-EA6E-40FE-8334-A20D6B419498}.Debug|Any CPU.Build.0 = Debug|Any CPU
		{282026E0-EA6E-40FE-8334-A20D6B419498}.Release|Any CPU.ActiveCfg = Release|Any CPU
		{282026E0-EA6E-40FE-8334-A20D6B419498}.Release|Any CPU.Build.0 = Release|Any CPU
		{1A3B0F61-F969-4054-B451-F4C09AE7D909}.Debug|Any CPU.ActiveCfg = Debug|Any CPU
		{1A3B0F61-F969-4054-B451-F4C09AE7D909}.Debug|Any CPU.Build.0 = Debug|Any CPU
		{1A3B0F61-F969-4054-B451-F4C09AE7D909}.Release|Any CPU.ActiveCfg = Release|Any CPU
		{1A3B0F61-F969-4054-B451-F4C09AE7D909}.Release|Any CPU.Build.0 = Release|Any CPU
		{497D5EC8-D649-4F55-9F44-50B39B452810}.Debug|Any CPU.ActiveCfg = Debug|Any CPU
		{497D5EC8-D649-4F55-9F44-50B39B452810}.Debug|Any CPU.Build.0 = Debug|Any CPU
		{497D5EC8-D649-4F55-9F44-50B39B452810}.Release|Any CPU.ActiveCfg = Release|Any CPU
		{497D5EC8-D649-4F55-9F44-50B39B452810}.Release|Any CPU.Build.0 = Release|Any CPU
	EndGlobalSection
	GlobalSection(SolutionProperties) = preSolution
		HideSolutionNode = FALSE
	EndGlobalSection
	GlobalSection(ExtensibilityGlobals) = postSolution
		SolutionGuid = {A48A0649-A10D-4A01-AF04-7ABA62AE9349}
	EndGlobalSection
EndGlobal
